SITE
  remote: http://community.opscode.com/api/v1
  specs:
    build-essential (1.4.2)
    chef_handler (1.1.4)
    cron (1.2.6)
    java (1.13.0)
      windows (>= 0.0.0)
    python (1.4.0)
      build-essential (>= 0.0.0)
      yum (>= 0.0.0)
    windows (1.10.0)
      chef_handler (>= 0.0.0)
    yum (2.3.2)

GIT
  remote: https://github.com/ebensing/chef-awscli
  ref: master
  sha: d04edcd6bfe578d5f3e60c9041cf2baf12f9facb
  specs:
    awscli (0.1.0)
      python (>= 0.0.0)

GIT
  remote: https://github.com/flaccid/aws_developer_tools
  ref: master
  sha: 87e779c9b5e1b126a8a1bec69b1e0fd5046d7dd2
  specs:
    aws_developer_tools (3.1.2)
      chef_ruby (>= 2.2.0)
      java (>= 1.8.0)

GIT
  remote: https://github.com/flaccid/chef_ruby
  ref: master
  sha: 84b4cc622d80590d53527003031391a17750daf2
  specs:
    chef_ruby (2.2.1)
      apt (>= 0.0.0)
      build-essential (>= 0.0.0)

GIT
  remote: https://github.com/flaccid/cookbooks
  path: cookbooks/system
  ref: master
  sha: 6d5150257eac1f71a23849b5bae67887f7d30f7d
  specs:
    system (0.0.1)
      cron (>= 0.0.0)

GIT
  remote: https://github.com/opscode-cookbooks/apt
  ref: 1.10.0
  sha: d4b5912cd8f3e73a417b3b176fb85e37b04993fa
  specs:
    apt (1.10.0)

DEPENDENCIES
  apt (>= 0)
  aws_developer_tools (>= 0)
  awscli (>= 0)
  chef_ruby (>= 0)
  system (>= 0)

